
Microsoft Visual Studio Solution File, Format Version 12.00
# Visual Studio Version 17
VisualStudioVersion = 17.5.33627.172
MinimumVisualStudioVersion = 10.0.40219.1
Project("{9A19103F-16F7-4668-BE54-9A1E7A4F7556}") = "AutoFinder.API", "src\AutoFinder.API\AutoFinder.API.csproj", "{080B0FED-91E5-402D-A5B6-6410C4F1A741}"
EndProject
Project("{2150E333-8FDC-42A3-9474-1A3956D46DE8}") = "API", "API", "{EC1A0779-0E95-4F6A-8E21-A124BB794BF8}"
EndProject
Project("{2150E333-8FDC-42A3-9474-1A3956D46DE8}") = "Core", "Core", "{A2C551FE-3021-4C06-B679-24A86199E91D}"
EndProject
Project("{2150E333-8FDC-42A3-9474-1A3956D46DE8}") = "Infrastructure", "Infrastructure", "{E98709A4-581C-4298-982E-4BA24A707E79}"
EndProject
Project("{2150E333-8FDC-42A3-9474-1A3956D46DE8}") = "Tests", "Tests", "{26C111F1-878D-461A-9DBE-5858800B8E76}"
EndProject
Project("{9A19103F-16F7-4668-BE54-9A1E7A4F7556}") = "AutoFinder.Application", "src\Core\AutoFinder.Application\AutoFinder.Application.csproj", "{4A6D8B5D-4736-4EC3-AA57-C716B2AA1733}"
EndProject
Project("{9A19103F-16F7-4668-BE54-9A1E7A4F7556}") = "AutoFinder.Services", "src\Core\AutoFinder.Services\AutoFinder.Services.csproj", "{17F59058-D821-4D55-9BA0-8BF8E0AEC71B}"
EndProject
Project("{9A19103F-16F7-4668-BE54-9A1E7A4F7556}") = "AutoFinder.Domain", "src\Core\AutoFinder.Domain\AutoFinder.Domain.csproj", "{AB23AB50-7792-4E8A-A215-8178CCE1FD5D}"
EndProject
Project("{9A19103F-16F7-4668-BE54-9A1E7A4F7556}") = "AutotFinder.Infrastructure", "src\Infrastructure\AutotFinder.Infrastructure\AutotFinder.Infrastructure.csproj", "{B0350DE5-5AB3-4199-A255-028F36D9C7C5}"
EndProject
Project("{9A19103F-16F7-4668-BE54-9A1E7A4F7556}") = "AutoFinder.Infrastructure.Persistence", "src\Infrastructure\AutoFinder.Infrastructure.Persistence\AutoFinder.Infrastructure.Persistence.csproj", "{67467B80-183E-4EFF-8F42-1DC9584E4666}"
EndProject
Project("{FAE04EC0-301F-11D3-BF4B-00C04F79EFBC}") = "AutoFinder.Application.UnitTests", "src\Tests\AutoFinder.Application.UnitTests\AutoFinder.Application.UnitTests.csproj", "{6F0BBFF7-D94F-409B-8B7F-4FB07E8BFCB2}"
EndProject
Project("{FAE04EC0-301F-11D3-BF4B-00C04F79EFBC}") = "AutoFinder.IntegrationTests", "src\Tests\AutoFinder.IntegrationTests\AutoFinder.IntegrationTests.csproj", "{F3D0BC82-0D03-4E0C-8A71-C4F11C903AF1}"
EndProject
Global
	GlobalSection(SolutionConfigurationPlatforms) = preSolution
		Debug|Any CPU = Debug|Any CPU
		Dev|Any CPU = Dev|Any CPU
		Prod|Any CPU = Prod|Any CPU
		Release|Any CPU = Release|Any CPU
	EndGlobalSection
	GlobalSection(ProjectConfigurationPlatforms) = postSolution
		{080B0FED-91E5-402D-A5B6-6410C4F1A741}.Debug|Any CPU.ActiveCfg = Debug|Any CPU
		{080B0FED-91E5-402D-A5B6-6410C4F1A741}.Debug|Any CPU.Build.0 = Debug|Any CPU
		{080B0FED-91E5-402D-A5B6-6410C4F1A741}.Dev|Any CPU.ActiveCfg = Dev|Any CPU
		{080B0FED-91E5-402D-A5B6-6410C4F1A741}.Dev|Any CPU.Build.0 = Dev|Any CPU
		{080B0FED-91E5-402D-A5B6-6410C4F1A741}.Prod|Any CPU.ActiveCfg = Prod|Any CPU
		{080B0FED-91E5-402D-A5B6-6410C4F1A741}.Prod|Any CPU.Build.0 = Prod|Any CPU
		{080B0FED-91E5-402D-A5B6-6410C4F1A741}.Release|Any CPU.ActiveCfg = Release|Any CPU
		{080B0FED-91E5-402D-A5B6-6410C4F1A741}.Release|Any CPU.Build.0 = Release|Any CPU
		{4A6D8B5D-4736-4EC3-AA57-C716B2AA1733}.Debug|Any CPU.ActiveCfg = Debug|Any CPU
		{4A6D8B5D-4736-4EC3-AA57-C716B2AA1733}.Debug|Any CPU.Build.0 = Debug|Any CPU
		{4A6D8B5D-4736-4EC3-AA57-C716B2AA1733}.Dev|Any CPU.ActiveCfg = Debug|Any CPU
		{4A6D8B5D-4736-4EC3-AA57-C716B2AA1733}.Dev|Any CPU.Build.0 = Debug|Any CPU
		{4A6D8B5D-4736-4EC3-AA57-C716B2AA1733}.Prod|Any CPU.ActiveCfg = Debug|Any CPU
		{4A6D8B5D-4736-4EC3-AA57-C716B2AA1733}.Prod|Any CPU.Build.0 = Debug|Any CPU
		{4A6D8B5D-4736-4EC3-AA57-C716B2AA1733}.Release|Any CPU.ActiveCfg = Release|Any CPU
		{4A6D8B5D-4736-4EC3-AA57-C716B2AA1733}.Release|Any CPU.Build.0 = Release|Any CPU
		{17F59058-D821-4D55-9BA0-8BF8E0AEC71B}.Debug|Any CPU.ActiveCfg = Debug|Any CPU
		{17F59058-D821-4D55-9BA0-8BF8E0AEC71B}.Debug|Any CPU.Build.0 = Debug|Any CPU
		{17F59058-D821-4D55-9BA0-8BF8E0AEC71B}.Dev|Any CPU.ActiveCfg = Debug|Any CPU
		{17F59058-D821-4D55-9BA0-8BF8E0AEC71B}.Dev|Any CPU.Build.0 = Debug|Any CPU
		{17F59058-D821-4D55-9BA0-8BF8E0AEC71B}.Prod|Any CPU.ActiveCfg = Debug|Any CPU
		{17F59058-D821-4D55-9BA0-8BF8E0AEC71B}.Prod|Any CPU.Build.0 = Debug|Any CPU
		{17F59058-D821-4D55-9BA0-8BF8E0AEC71B}.Release|Any CPU.ActiveCfg = Release|Any CPU
		{17F59058-D821-4D55-9BA0-8BF8E0AEC71B}.Release|Any CPU.Build.0 = Release|Any CPU
		{AB23AB50-7792-4E8A-A215-8178CCE1FD5D}.Debug|Any CPU.ActiveCfg = Debug|Any CPU
		{AB23AB50-7792-4E8A-A215-8178CCE1FD5D}.Debug|Any CPU.Build.0 = Debug|Any CPU
		{AB23AB50-7792-4E8A-A215-8178CCE1FD5D}.Dev|Any CPU.ActiveCfg = Debug|Any CPU
		{AB23AB50-7792-4E8A-A215-8178CCE1FD5D}.Dev|Any CPU.Build.0 = Debug|Any CPU
		{AB23AB50-7792-4E8A-A215-8178CCE1FD5D}.Prod|Any CPU.ActiveCfg = Debug|Any CPU
		{AB23AB50-7792-4E8A-A215-8178CCE1FD5D}.Prod|Any CPU.Build.0 = Debug|Any CPU
		{AB23AB50-7792-4E8A-A215-8178CCE1FD5D}.Release|Any CPU.ActiveCfg = Release|Any CPU
		{AB23AB50-7792-4E8A-A215-8178CCE1FD5D}.Release|Any CPU.Build.0 = Release|Any CPU
		{B0350DE5-5AB3-4199-A255-028F36D9C7C5}.Debug|Any CPU.ActiveCfg = Debug|Any CPU
		{B0350DE5-5AB3-4199-A255-028F36D9C7C5}.Debug|Any CPU.Build.0 = Debug|Any CPU
		{B0350DE5-5AB3-4199-A255-028F36D9C7C5}.Dev|Any CPU.ActiveCfg = Debug|Any CPU
		{B0350DE5-5AB3-4199-A255-028F36D9C7C5}.Dev|Any CPU.Build.0 = Debug|Any CPU
		{B0350DE5-5AB3-4199-A255-028F36D9C7C5}.Prod|Any CPU.ActiveCfg = Debug|Any CPU
		{B0350DE5-5AB3-4199-A255-028F36D9C7C5}.Prod|Any CPU.Build.0 = Debug|Any CPU
		{B0350DE5-5AB3-4199-A255-028F36D9C7C5}.Release|Any CPU.ActiveCfg = Release|Any CPU
		{B0350DE5-5AB3-4199-A255-028F36D9C7C5}.Release|Any CPU.Build.0 = Release|Any CPU
		{67467B80-183E-4EFF-8F42-1DC9584E4666}.Debug|Any CPU.ActiveCfg = Debug|Any CPU
		{67467B80-183E-4EFF-8F42-1DC9584E4666}.Debug|Any CPU.Build.0 = Debug|Any CPU
		{67467B80-183E-4EFF-8F42-1DC9584E4666}.Dev|Any CPU.ActiveCfg = Debug|Any CPU
		{67467B80-183E-4EFF-8F42-1DC9584E4666}.Dev|Any CPU.Build.0 = Debug|Any CPU
		{67467B80-183E-4EFF-8F42-1DC9584E4666}.Prod|Any CPU.ActiveCfg = Debug|Any CPU
		{67467B80-183E-4EFF-8F42-1DC9584E4666}.Prod|Any CPU.Build.0 = Debug|Any CPU
		{67467B80-183E-4EFF-8F42-1DC9584E4666}.Release|Any CPU.ActiveCfg = Release|Any CPU
		{67467B80-183E-4EFF-8F42-1DC9584E4666}.Release|Any CPU.Build.0 = Release|Any CPU
		{6F0BBFF7-D94F-409B-8B7F-4FB07E8BFCB2}.Debug|Any CPU.ActiveCfg = Debug|Any CPU
		{6F0BBFF7-D94F-409B-8B7F-4FB07E8BFCB2}.Debug|Any CPU.Build.0 = Debug|Any CPU
		{6F0BBFF7-D94F-409B-8B7F-4FB07E8BFCB2}.Dev|Any CPU.ActiveCfg = Debug|Any CPU
		{6F0BBFF7-D94F-409B-8B7F-4FB07E8BFCB2}.Dev|Any CPU.Build.0 = Debug|Any CPU
		{6F0BBFF7-D94F-409B-8B7F-4FB07E8BFCB2}.Prod|Any CPU.ActiveCfg = Debug|Any CPU
		{6F0BBFF7-D94F-409B-8B7F-4FB07E8BFCB2}.Prod|Any CPU.Build.0 = Debug|Any CPU
		{6F0BBFF7-D94F-409B-8B7F-4FB07E8BFCB2}.Release|Any CPU.ActiveCfg = Release|Any CPU
		{6F0BBFF7-D94F-409B-8B7F-4FB07E8BFCB2}.Release|Any CPU.Build.0 = Release|Any CPU
		{F3D0BC82-0D03-4E0C-8A71-C4F11C903AF1}.Debug|Any CPU.ActiveCfg = Debug|Any CPU
		{F3D0BC82-0D03-4E0C-8A71-C4F11C903AF1}.Debug|Any CPU.Build.0 = Debug|Any CPU
		{F3D0BC82-0D03-4E0C-8A71-C4F11C903AF1}.Dev|Any CPU.ActiveCfg = Debug|Any CPU
		{F3D0BC82-0D03-4E0C-8A71-C4F11C903AF1}.Dev|Any CPU.Build.0 = Debug|Any CPU
		{F3D0BC82-0D03-4E0C-8A71-C4F11C903AF1}.Prod|Any CPU.ActiveCfg = Debug|Any CPU
		{F3D0BC82-0D03-4E0C-8A71-C4F11C903AF1}.Prod|Any CPU.Build.0 = Debug|Any CPU
		{F3D0BC82-0D03-4E0C-8A71-C4F11C903AF1}.Release|Any CPU.ActiveCfg = Release|Any CPU
		{F3D0BC82-0D03-4E0C-8A71-C4F11C903AF1}.Release|Any CPU.Build.0 = Release|Any CPU
	EndGlobalSection
	GlobalSection(SolutionProperties) = preSolution
		HideSolutionNode = FALSE
	EndGlobalSection
	GlobalSection(NestedProjects) = preSolution
		{080B0FED-91E5-402D-A5B6-6410C4F1A741} = {EC1A0779-0E95-4F6A-8E21-A124BB794BF8}
		{4A6D8B5D-4736-4EC3-AA57-C716B2AA1733} = {A2C551FE-3021-4C06-B679-24A86199E91D}
		{17F59058-D821-4D55-9BA0-8BF8E0AEC71B} = {A2C551FE-3021-4C06-B679-24A86199E91D}
		{AB23AB50-7792-4E8A-A215-8178CCE1FD5D} = {A2C551FE-3021-4C06-B679-24A86199E91D}
		{B0350DE5-5AB3-4199-A255-028F36D9C7C5} = {E98709A4-581C-4298-982E-4BA24A707E79}
		{67467B80-183E-4EFF-8F42-1DC9584E4666} = {E98709A4-581C-4298-982E-4BA24A707E79}
		{6F0BBFF7-D94F-409B-8B7F-4FB07E8BFCB2} = {26C111F1-878D-461A-9DBE-5858800B8E76}
		{F3D0BC82-0D03-4E0C-8A71-C4F11C903AF1} = {26C111F1-878D-461A-9DBE-5858800B8E76}
	EndGlobalSection
	GlobalSection(ExtensibilityGlobals) = postSolution
		SolutionGuid = {84AC2F51-72A2-4A13-97CF-7D23C7E378C2}
	EndGlobalSection
EndGlobal
